
Microsoft Visual Studio Solution File, Format Version 12.00
# Visual Studio Version 16
VisualStudioVersion = 16.0.31605.320
MinimumVisualStudioVersion = 10.0.40219.1
Project("{FAE04EC0-301F-11D3-BF4B-00C04F79EFBC}") = "ClientCape", "ClientCape\ClientCape.csproj", "{F617F629-11E6-42BD-BBB3-E3B854440ECD}"
EndProject
Global
	GlobalSection(SolutionConfigurationPlatforms) = preSolution
		Debug|Any CPU = Debug|Any CPU
		Release|Any CPU = Release|Any CPU
	EndGlobalSection
	GlobalSection(ProjectConfigurationPlatforms) = postSolution
		{F617F629-11E6-42BD-BBB3-E3B854440ECD}.Debug|Any CPU.ActiveCfg = Debug|Any CPU
		{F617F629-11E6-42BD-BBB3-E3B854440ECD}.Debug|Any CPU.Build.0 = Debug|Any CPU
		{F617F629-11E6-42BD-BBB3-E3B854440ECD}.Release|Any CPU.ActiveCfg = Release|Any CPU
		{F617F629-11E6-42BD-BBB3-E3B854440ECD}.Release|Any CPU.Build.0 = Release|Any CPU
	EndGlobalSection
	GlobalSection(SolutionProperties) = preSolution
		HideSolutionNode = FALSE
	EndGlobalSection
	GlobalSection(ExtensibilityGlobals) = postSolution
		SolutionGuid = {82820555-5665-4279-9A22-650BC2BAEF6C}
	EndGlobalSection
EndGlobal
